
Microsoft Visual Studio Solution File, Format Version 12.00
# Visual Studio Version 16
VisualStudioVersion = 16.0.29215.179
MinimumVisualStudioVersion = 10.0.40219.1
Project("{00D1A9C2-B5F0-4AF3-8072-F6C62B433612}") = "MyDatabaseProject_2", "MyDatabaseProject_2.sqlproj", "{3F78AFA1-347D-42F0-BBCA-8EE7995A64F1}"
EndProject
Global
	GlobalSection(SolutionConfigurationPlatforms) = preSolution
		Debug|Any CPU = Debug|Any CPU
		Release|Any CPU = Release|Any CPU
	EndGlobalSection
	GlobalSection(ProjectConfigurationPlatforms) = postSolution
		{3F78AFA1-347D-42F0-BBCA-8EE7995A64F1}.Debug|Any CPU.ActiveCfg = Debug|Any CPU
		{3F78AFA1-347D-42F0-BBCA-8EE7995A64F1}.Debug|Any CPU.Build.0 = Debug|Any CPU
		{3F78AFA1-347D-42F0-BBCA-8EE7995A64F1}.Debug|Any CPU.Deploy.0 = Debug|Any CPU
		{3F78AFA1-347D-42F0-BBCA-8EE7995A64F1}.Release|Any CPU.ActiveCfg = Release|Any CPU
		{3F78AFA1-347D-42F0-BBCA-8EE7995A64F1}.Release|Any CPU.Build.0 = Release|Any CPU
		{3F78AFA1-347D-42F0-BBCA-8EE7995A64F1}.Release|Any CPU.Deploy.0 = Release|Any CPU
	EndGlobalSection
	GlobalSection(SolutionProperties) = preSolution
		HideSolutionNode = FALSE
	EndGlobalSection
	GlobalSection(ExtensibilityGlobals) = postSolution
		SolutionGuid = {B381087D-00E2-40A3-9149-41EC8B289640}
	EndGlobalSection
EndGlobal
